
Microsoft Visual Studio Solution File, Format Version 12.00
# Visual Studio Version 17
VisualStudioVersion = 17.6.33829.357
MinimumVisualStudioVersion = 10.0.40219.1
Project("{FAE04EC0-301F-11D3-BF4B-00C04F79EFBC}") = "PLApp", "PLApp.csproj", "{441A7558-F636-4B98-BBAA-F99D4860DADF}"
EndProject
Global
	GlobalSection(SolutionConfigurationPlatforms) = preSolution
		Debug|Any CPU = Debug|Any CPU
		Release|Any CPU = Release|Any CPU
	EndGlobalSection
	GlobalSection(ProjectConfigurationPlatforms) = postSolution
		{441A7558-F636-4B98-BBAA-F99D4860DADF}.Debug|Any CPU.ActiveCfg = Debug|Any CPU
		{441A7558-F636-4B98-BBAA-F99D4860DADF}.Debug|Any CPU.Build.0 = Debug|Any CPU
		{441A7558-F636-4B98-BBAA-F99D4860DADF}.Release|Any CPU.ActiveCfg = Release|Any CPU
		{441A7558-F636-4B98-BBAA-F99D4860DADF}.Release|Any CPU.Build.0 = Release|Any CPU
	EndGlobalSection
	GlobalSection(SolutionProperties) = preSolution
		HideSolutionNode = FALSE
	EndGlobalSection
	GlobalSection(ExtensibilityGlobals) = postSolution
		SolutionGuid = {214B5177-8891-425A-8532-26451CA73B15}
	EndGlobalSection
EndGlobal
